
Microsoft Visual Studio Solution File, Format Version 12.00
# Visual Studio Version 16
VisualStudioVersion = 16.0.31624.102
MinimumVisualStudioVersion = 10.0.40219.1
Project("{FAE04EC0-301F-11D3-BF4B-00C04F79EFBC}") = "DatingApp", "DatingApp\DatingApp.csproj", "{EF725FA9-C161-4250-A8B1-5AF3A6EB4BAB}"
EndProject
Global
	GlobalSection(SolutionConfigurationPlatforms) = preSolution
		Debug|Any CPU = Debug|Any CPU
		Release|Any CPU = Release|Any CPU
	EndGlobalSection
	GlobalSection(ProjectConfigurationPlatforms) = postSolution
		{EF725FA9-C161-4250-A8B1-5AF3A6EB4BAB}.Debug|Any CPU.ActiveCfg = Debug|Any CPU
		{EF725FA9-C161-4250-A8B1-5AF3A6EB4BAB}.Debug|Any CPU.Build.0 = Debug|Any CPU
		{EF725FA9-C161-4250-A8B1-5AF3A6EB4BAB}.Release|Any CPU.ActiveCfg = Release|Any CPU
		{EF725FA9-C161-4250-A8B1-5AF3A6EB4BAB}.Release|Any CPU.Build.0 = Release|Any CPU
	EndGlobalSection
	GlobalSection(SolutionProperties) = preSolution
		HideSolutionNode = FALSE
	EndGlobalSection
	GlobalSection(ExtensibilityGlobals) = postSolution
		SolutionGuid = {21006426-5C0D-43E2-B2CF-7A7055C55849}
	EndGlobalSection
EndGlobal
